
Microsoft Visual Studio Solution File, Format Version 12.00
# Visual Studio Version 16
VisualStudioVersion = 16.0.30204.135
MinimumVisualStudioVersion = 10.0.40219.1
Project("{FAE04EC0-301F-11D3-BF4B-00C04F79EFBC}") = "DeserializationHelper", "DeserializationHelper.csproj", "{2707AA7B-DF71-4C0B-BBB3-061BEA7D3384}"
EndProject
Global
	GlobalSection(SolutionConfigurationPlatforms) = preSolution
		Debug|Any CPU = Debug|Any CPU
		Release|Any CPU = Release|Any CPU
	EndGlobalSection
	GlobalSection(ProjectConfigurationPlatforms) = postSolution
		{2707AA7B-DF71-4C0B-BBB3-061BEA7D3384}.Debug|Any CPU.ActiveCfg = Debug|Any CPU
		{2707AA7B-DF71-4C0B-BBB3-061BEA7D3384}.Debug|Any CPU.Build.0 = Debug|Any CPU
		{2707AA7B-DF71-4C0B-BBB3-061BEA7D3384}.Release|Any CPU.ActiveCfg = Release|Any CPU
		{2707AA7B-DF71-4C0B-BBB3-061BEA7D3384}.Release|Any CPU.Build.0 = Release|Any CPU
	EndGlobalSection
	GlobalSection(SolutionProperties) = preSolution
		HideSolutionNode = FALSE
	EndGlobalSection
	GlobalSection(ExtensibilityGlobals) = postSolution
		SolutionGuid = {58720BF2-1F50-46AA-A97C-36E59F7B355E}
	EndGlobalSection
EndGlobal
